
Microsoft Visual Studio Solution File, Format Version 12.00
# Visual Studio 15
VisualStudioVersion = 15.0.28307.572
MinimumVisualStudioVersion = 10.0.40219.1
Project("{8BC9CEB8-8B4A-11D0-8D11-00A0C91BC942}") = "Sorts", "Sorts.vcxproj", "{B20A2F45-40BD-477C-869F-93F28C6AF13A}"
EndProject
Global
	GlobalSection(SolutionConfigurationPlatforms) = preSolution
		Debug|x64 = Debug|x64
		Debug|x86 = Debug|x86
		Release|x64 = Release|x64
		Release|x86 = Release|x86
	EndGlobalSection
	GlobalSection(ProjectConfigurationPlatforms) = postSolution
		{B20A2F45-40BD-477C-869F-93F28C6AF13A}.Debug|x64.ActiveCfg = Debug|x64
		{B20A2F45-40BD-477C-869F-93F28C6AF13A}.Debug|x64.Build.0 = Debug|x64
		{B20A2F45-40BD-477C-869F-93F28C6AF13A}.Debug|x86.ActiveCfg = Debug|Win32
		{B20A2F45-40BD-477C-869F-93F28C6AF13A}.Debug|x86.Build.0 = Debug|Win32
		{B20A2F45-40BD-477C-869F-93F28C6AF13A}.Release|x64.ActiveCfg = Release|x64
		{B20A2F45-40BD-477C-869F-93F28C6AF13A}.Release|x64.Build.0 = Release|x64
		{B20A2F45-40BD-477C-869F-93F28C6AF13A}.Release|x86.ActiveCfg = Release|Win32
		{B20A2F45-40BD-477C-869F-93F28C6AF13A}.Release|x86.Build.0 = Release|Win32
	EndGlobalSection
	GlobalSection(SolutionProperties) = preSolution
		HideSolutionNode = FALSE
	EndGlobalSection
	GlobalSection(ExtensibilityGlobals) = postSolution
		SolutionGuid = {F1762BFA-33DC-42D2-B9C7-A07C9D23D2C7}
	EndGlobalSection
EndGlobal
