<?xml version="1.0" encoding="utf-8"?>
<Project ToolsVersion="4.0" xmlns="http://schemas.microsoft.com/developer/msbuild/2003">
  <ItemGroup>
    <Filter Include="소스 파일">
      <UniqueIdentifier>{4FC737F1-C7A5-4376-A066-2A32D752A2FF}</UniqueIdentifier>
      <Extensions>cpp;c;cc;cxx;def;odl;idl;hpj;bat;asm;asmx</Extensions>
    </Filter>
    <Filter Include="헤더 파일">
      <UniqueIdentifier>{93995380-89BD-4b04-88EB-625FBE52EBFB}</UniqueIdentifier>
      <Extensions>h;hh;hpp;hxx;hm;inl;inc;ipp;xsd</Extensions>
    </Filter>
    <Filter Include="리소스 파일">
      <UniqueIdentifier>{67DA6AB6-F800-4c08-8B7A-83BB121AAD01}</UniqueIdentifier>
      <Extensions>rc;ico;cur;bmp;dlg;rc2;rct;bin;rgs;gif;jpg;jpeg;jpe;resx;tiff;tif;png;wav;mfcribbon-ms</Extensions>
    </Filter>
    <Filter Include="Scene">
      <UniqueIdentifier>{ff2510d0-5b10-4800-8ffb-0033f9db066f}</UniqueIdentifier>
    </Filter>
    <Filter Include="Manager">
      <UniqueIdentifier>{44ae25b3-cc37-4fdd-8dd1-3494001b0356}</UniqueIdentifier>
    </Filter>
    <Filter Include="Game">
      <UniqueIdentifier>{cc6b52f1-9016-4daa-b04b-50467c07c484}</UniqueIdentifier>
    </Filter>
    <Filter Include="Game\GameObject">
      <UniqueIdentifier>{05895314-f22e-4e99-9bd0-27d55487346d}</UniqueIdentifier>
    </Filter>
    <Filter Include="Game\GameObject\Sub">
      <UniqueIdentifier>{21a7f6d1-2693-44fd-8a47-a04b2c1a6999}</UniqueIdentifier>
    </Filter>
    <Filter Include="Game\Map">
      <UniqueIdentifier>{a834994f-09aa-4cdb-b50a-363a965b7f59}</UniqueIdentifier>
    </Filter>
  </ItemGroup>
  <ItemGroup>
    <ClInclude Include="pch.h">
      <Filter>헤더 파일</Filter>
    </ClInclude>
    <ClInclude Include="Define.h">
      <Filter>헤더 파일</Filter>
    </ClInclude>
    <ClInclude Include="GameScene.h">
      <Filter>Scene</Filter>
    </ClInclude>
    <ClInclude Include="IntroScene.h">
      <Filter>Scene</Filter>
    </ClInclude>
    <ClInclude Include="Scene.h">
      <Filter>Scene</Filter>
    </ClInclude>
    <ClInclude Include="SceneManager.h">
      <Filter>Manager</Filter>
    </ClInclude>
    <ClInclude Include="BaseObject.h">
      <Filter>Game\GameObject</Filter>
    </ClInclude>
    <ClInclude Include="Hero.h">
      <Filter>Game\GameObject\Sub</Filter>
    </ClInclude>
    <ClInclude Include="Item.h">
      <Filter>Game\GameObject\Sub</Filter>
    </ClInclude>
    <ClInclude Include="Monster.h">
      <Filter>Game\GameObject\Sub</Filter>
    </ClInclude>
    <ClInclude Include="Wall.h">
      <Filter>Game\GameObject\Sub</Filter>
    </ClInclude>
    <ClInclude Include="Map.h">
      <Filter>Game\Map</Filter>
    </ClInclude>
  </ItemGroup>
  <ItemGroup>
    <ClCompile Include="pch.cpp">
      <Filter>소스 파일</Filter>
    </ClCompile>
    <ClCompile Include="TestScene_main.cpp">
      <Filter>소스 파일</Filter>
    </ClCompile>
    <ClCompile Include="Scene.cpp">
      <Filter>Scene</Filter>
    </ClCompile>
    <ClCompile Include="IntroScene.cpp">
      <Filter>Scene</Filter>
    </ClCompile>
    <ClCompile Include="GameScene.cpp">
      <Filter>Scene</Filter>
    </ClCompile>
    <ClCompile Include="SceneManager.cpp">
      <Filter>Manager</Filter>
    </ClCompile>
    <ClCompile Include="BaseObject.cpp">
      <Filter>Game\GameObject</Filter>
    </ClCompile>
    <ClCompile Include="Hero.cpp">
      <Filter>Game\GameObject\Sub</Filter>
    </ClCompile>
    <ClCompile Include="Item.cpp">
      <Filter>Game\GameObject\Sub</Filter>
    </ClCompile>
    <ClCompile Include="Monster.cpp">
      <Filter>Game\GameObject\Sub</Filter>
    </ClCompile>
    <ClCompile Include="Wall.cpp">
      <Filter>Game\GameObject\Sub</Filter>
    </ClCompile>
    <ClCompile Include="Map.cpp">
      <Filter>Game\Map</Filter>
    </ClCompile>
  </ItemGroup>
</Project>