
Microsoft Visual Studio Solution File, Format Version 12.00
# Visual Studio 15
VisualStudioVersion = 15.0.28307.645
MinimumVisualStudioVersion = 10.0.40219.1
Project("{8BC9CEB8-8B4A-11D0-8D11-00A0C91BC942}") = "FactoryMethod01", "FactoryMethod01\FactoryMethod01.vcxproj", "{84B9E1B2-A30E-4EE4-A147-269E2536EC9C}"
EndProject
Project("{8BC9CEB8-8B4A-11D0-8D11-00A0C91BC942}") = "Builder", "Builder\Builder.vcxproj", "{05345A98-125C-4EAC-9D8A-5244200456C4}"
EndProject
Project("{8BC9CEB8-8B4A-11D0-8D11-00A0C91BC942}") = "Prototype", "Prototype\Prototype.vcxproj", "{59EC3E6D-6B85-4FEF-8E4F-2F040313807B}"
EndProject
Project("{8BC9CEB8-8B4A-11D0-8D11-00A0C91BC942}") = "Bridge", "Bridge\Bridge.vcxproj", "{CF308B70-5225-4E1E-AC26-B0BE386EB227}"
EndProject
Project("{8BC9CEB8-8B4A-11D0-8D11-00A0C91BC942}") = "Adapter", "Adapter\Adapter.vcxproj", "{32C53955-9D79-4D26-9BC8-272E04267486}"
EndProject
Project("{8BC9CEB8-8B4A-11D0-8D11-00A0C91BC942}") = "Flyweight", "Flyweight\Flyweight.vcxproj", "{C97523BE-937D-48A0-B475-1EC003CCC120}"
EndProject
Project("{8BC9CEB8-8B4A-11D0-8D11-00A0C91BC942}") = "Facade", "Facade\Facade.vcxproj", "{EA56D372-AB64-455C-9368-3596FB11A76E}"
EndProject
Global
	GlobalSection(SolutionConfigurationPlatforms) = preSolution
		Debug|x64 = Debug|x64
		Debug|x86 = Debug|x86
		Release|x64 = Release|x64
		Release|x86 = Release|x86
	EndGlobalSection
	GlobalSection(ProjectConfigurationPlatforms) = postSolution
		{84B9E1B2-A30E-4EE4-A147-269E2536EC9C}.Debug|x64.ActiveCfg = Debug|x64
		{84B9E1B2-A30E-4EE4-A147-269E2536EC9C}.Debug|x64.Build.0 = Debug|x64
		{84B9E1B2-A30E-4EE4-A147-269E2536EC9C}.Debug|x86.ActiveCfg = Debug|Win32
		{84B9E1B2-A30E-4EE4-A147-269E2536EC9C}.Debug|x86.Build.0 = Debug|Win32
		{84B9E1B2-A30E-4EE4-A147-269E2536EC9C}.Release|x64.ActiveCfg = Release|x64
		{84B9E1B2-A30E-4EE4-A147-269E2536EC9C}.Release|x64.Build.0 = Release|x64
		{84B9E1B2-A30E-4EE4-A147-269E2536EC9C}.Release|x86.ActiveCfg = Release|Win32
		{84B9E1B2-A30E-4EE4-A147-269E2536EC9C}.Release|x86.Build.0 = Release|Win32
		{05345A98-125C-4EAC-9D8A-5244200456C4}.Debug|x64.ActiveCfg = Debug|x64
		{05345A98-125C-4EAC-9D8A-5244200456C4}.Debug|x64.Build.0 = Debug|x64
		{05345A98-125C-4EAC-9D8A-5244200456C4}.Debug|x86.ActiveCfg = Debug|Win32
		{05345A98-125C-4EAC-9D8A-5244200456C4}.Debug|x86.Build.0 = Debug|Win32
		{05345A98-125C-4EAC-9D8A-5244200456C4}.Release|x64.ActiveCfg = Release|x64
		{05345A98-125C-4EAC-9D8A-5244200456C4}.Release|x64.Build.0 = Release|x64
		{05345A98-125C-4EAC-9D8A-5244200456C4}.Release|x86.ActiveCfg = Release|Win32
		{05345A98-125C-4EAC-9D8A-5244200456C4}.Release|x86.Build.0 = Release|Win32
		{59EC3E6D-6B85-4FEF-8E4F-2F040313807B}.Debug|x64.ActiveCfg = Debug|x64
		{59EC3E6D-6B85-4FEF-8E4F-2F040313807B}.Debug|x64.Build.0 = Debug|x64
		{59EC3E6D-6B85-4FEF-8E4F-2F040313807B}.Debug|x86.ActiveCfg = Debug|Win32
		{59EC3E6D-6B85-4FEF-8E4F-2F040313807B}.Debug|x86.Build.0 = Debug|Win32
		{59EC3E6D-6B85-4FEF-8E4F-2F040313807B}.Release|x64.ActiveCfg = Release|x64
		{59EC3E6D-6B85-4FEF-8E4F-2F040313807B}.Release|x64.Build.0 = Release|x64
		{59EC3E6D-6B85-4FEF-8E4F-2F040313807B}.Release|x86.ActiveCfg = Release|Win32
		{59EC3E6D-6B85-4FEF-8E4F-2F040313807B}.Release|x86.Build.0 = Release|Win32
		{CF308B70-5225-4E1E-AC26-B0BE386EB227}.Debug|x64.ActiveCfg = Debug|x64
		{CF308B70-5225-4E1E-AC26-B0BE386EB227}.Debug|x64.Build.0 = Debug|x64
		{CF308B70-5225-4E1E-AC26-B0BE386EB227}.Debug|x86.ActiveCfg = Debug|Win32
		{CF308B70-5225-4E1E-AC26-B0BE386EB227}.Debug|x86.Build.0 = Debug|Win32
		{CF308B70-5225-4E1E-AC26-B0BE386EB227}.Release|x64.ActiveCfg = Release|x64
		{CF308B70-5225-4E1E-AC26-B0BE386EB227}.Release|x64.Build.0 = Release|x64
		{CF308B70-5225-4E1E-AC26-B0BE386EB227}.Release|x86.ActiveCfg = Release|Win32
		{CF308B70-5225-4E1E-AC26-B0BE386EB227}.Release|x86.Build.0 = Release|Win32
		{32C53955-9D79-4D26-9BC8-272E04267486}.Debug|x64.ActiveCfg = Debug|x64
		{32C53955-9D79-4D26-9BC8-272E04267486}.Debug|x64.Build.0 = Debug|x64
		{32C53955-9D79-4D26-9BC8-272E04267486}.Debug|x86.ActiveCfg = Debug|Win32
		{32C53955-9D79-4D26-9BC8-272E04267486}.Debug|x86.Build.0 = Debug|Win32
		{32C53955-9D79-4D26-9BC8-272E04267486}.Release|x64.ActiveCfg = Release|x64
		{32C53955-9D79-4D26-9BC8-272E04267486}.Release|x64.Build.0 = Release|x64
		{32C53955-9D79-4D26-9BC8-272E04267486}.Release|x86.ActiveCfg = Release|Win32
		{32C53955-9D79-4D26-9BC8-272E04267486}.Release|x86.Build.0 = Release|Win32
		{C97523BE-937D-48A0-B475-1EC003CCC120}.Debug|x64.ActiveCfg = Debug|x64
		{C97523BE-937D-48A0-B475-1EC003CCC120}.Debug|x64.Build.0 = Debug|x64
		{C97523BE-937D-48A0-B475-1EC003CCC120}.Debug|x86.ActiveCfg = Debug|Win32
		{C97523BE-937D-48A0-B475-1EC003CCC120}.Debug|x86.Build.0 = Debug|Win32
		{C97523BE-937D-48A0-B475-1EC003CCC120}.Release|x64.ActiveCfg = Release|x64
		{C97523BE-937D-48A0-B475-1EC003CCC120}.Release|x64.Build.0 = Release|x64
		{C97523BE-937D-48A0-B475-1EC003CCC120}.Release|x86.ActiveCfg = Release|Win32
		{C97523BE-937D-48A0-B475-1EC003CCC120}.Release|x86.Build.0 = Release|Win32
		{EA56D372-AB64-455C-9368-3596FB11A76E}.Debug|x64.ActiveCfg = Debug|x64
		{EA56D372-AB64-455C-9368-3596FB11A76E}.Debug|x64.Build.0 = Debug|x64
		{EA56D372-AB64-455C-9368-3596FB11A76E}.Debug|x86.ActiveCfg = Debug|Win32
		{EA56D372-AB64-455C-9368-3596FB11A76E}.Debug|x86.Build.0 = Debug|Win32
		{EA56D372-AB64-455C-9368-3596FB11A76E}.Release|x64.ActiveCfg = Release|x64
		{EA56D372-AB64-455C-9368-3596FB11A76E}.Release|x64.Build.0 = Release|x64
		{EA56D372-AB64-455C-9368-3596FB11A76E}.Release|x86.ActiveCfg = Release|Win32
		{EA56D372-AB64-455C-9368-3596FB11A76E}.Release|x86.Build.0 = Release|Win32
	EndGlobalSection
	GlobalSection(SolutionProperties) = preSolution
		HideSolutionNode = FALSE
	EndGlobalSection
	GlobalSection(ExtensibilityGlobals) = postSolution
		SolutionGuid = {91D6E967-968E-4A80-9020-D7358830A88B}
	EndGlobalSection
EndGlobal
