<?xml version="1.0" encoding="utf-8"?>
<Project ToolsVersion="4.0" xmlns="http://schemas.microsoft.com/developer/msbuild/2003">
  <ItemGroup>
    <Filter Include="Source Files">
      <UniqueIdentifier>{4FC737F1-C7A5-4376-A066-2A32D752A2FF}</UniqueIdentifier>
      <Extensions>cpp;c;cc;cxx;def;odl;idl;hpj;bat;asm;asmx</Extensions>
    </Filter>
    <Filter Include="Header Files">
      <UniqueIdentifier>{93995380-89BD-4b04-88EB-625FBE52EBFB}</UniqueIdentifier>
      <Extensions>h;hh;hpp;hxx;hm;inl;inc;ipp;xsd</Extensions>
    </Filter>
    <Filter Include="Resource Files">
      <UniqueIdentifier>{67DA6AB6-F800-4c08-8B7A-83BB121AAD01}</UniqueIdentifier>
      <Extensions>rc;ico;cur;bmp;dlg;rc2;rct;bin;rgs;gif;jpg;jpeg;jpe;resx;tiff;tif;png;wav;mfcribbon-ms</Extensions>
    </Filter>
    <Filter Include="Header Files\Stats">
      <UniqueIdentifier>{61b38b95-35d0-454a-b536-c2d37c01e577}</UniqueIdentifier>
    </Filter>
    <Filter Include="Header Files\Base">
      <UniqueIdentifier>{04119d25-be61-4eae-846c-5c01a9ac8dfa}</UniqueIdentifier>
    </Filter>
    <Filter Include="Header Files\Manager">
      <UniqueIdentifier>{382de08d-7d16-4ff8-b885-32b30f04ff68}</UniqueIdentifier>
    </Filter>
    <Filter Include="Header Files\Character">
      <UniqueIdentifier>{fa946604-b6d1-4988-9aca-a74407989ae3}</UniqueIdentifier>
    </Filter>
    <Filter Include="Header Files\NewFilter1">
      <UniqueIdentifier>{9eadb5fd-c016-4a87-b668-e25b4b83c86a}</UniqueIdentifier>
    </Filter>
    <Filter Include="Header Files\Buff">
      <UniqueIdentifier>{0caa21f8-98e5-4b8c-ad60-d68f8a851ccc}</UniqueIdentifier>
    </Filter>
  </ItemGroup>
  <ItemGroup>
    <ClCompile Include="Dungeon02.cpp">
      <Filter>Source Files</Filter>
    </ClCompile>
    <ClCompile Include="pch.cpp">
      <Filter>Source Files</Filter>
    </ClCompile>
  </ItemGroup>
  <ItemGroup>
    <ClInclude Include="Item.h">
      <Filter>Header Files</Filter>
    </ClInclude>
    <ClInclude Include="Skill.h">
      <Filter>Header Files</Filter>
    </ClInclude>
    <ClInclude Include="StatsSpecific.h">
      <Filter>Header Files</Filter>
    </ClInclude>
    <ClInclude Include="pch.h">
      <Filter>Header Files</Filter>
    </ClInclude>
    <ClInclude Include="Stats.h">
      <Filter>Header Files\Stats</Filter>
    </ClInclude>
    <ClInclude Include="DefenceStats.h">
      <Filter>Header Files\Stats</Filter>
    </ClInclude>
    <ClInclude Include="AttackStats.h">
      <Filter>Header Files\Stats</Filter>
    </ClInclude>
    <ClInclude Include="GaugeStats.h">
      <Filter>Header Files\Stats</Filter>
    </ClInclude>
    <ClInclude Include="RangeStats.h">
      <Filter>Header Files\Stats</Filter>
    </ClInclude>
    <ClInclude Include="CreatedObj.h">
      <Filter>Header Files\Base</Filter>
    </ClInclude>
    <ClInclude Include="CreatedObjCmd.h">
      <Filter>Header Files\Base</Filter>
    </ClInclude>
    <ClInclude Include="InfoBase.h">
      <Filter>Header Files\Base</Filter>
    </ClInclude>
    <ClInclude Include="Pos.h">
      <Filter>Header Files\Base</Filter>
    </ClInclude>
    <ClInclude Include="Radius.h">
      <Filter>Header Files\Manager</Filter>
    </ClInclude>
    <ClInclude Include="Character.h">
      <Filter>Header Files\Character</Filter>
    </ClInclude>
    <ClInclude Include="CharacterCmd.h">
      <Filter>Header Files\Character</Filter>
    </ClInclude>
    <ClInclude Include="Player.h">
      <Filter>Header Files\Character</Filter>
    </ClInclude>
    <ClInclude Include="PlayerCmd.h">
      <Filter>Header Files\Character</Filter>
    </ClInclude>
    <ClInclude Include="Command.h">
      <Filter>Header Files\Manager</Filter>
    </ClInclude>
    <ClInclude Include="DungeonMaster.h">
      <Filter>Header Files\Manager</Filter>
    </ClInclude>
    <ClInclude Include="ObjectPool.h">
      <Filter>Header Files\Manager</Filter>
    </ClInclude>
    <ClInclude Include="Composite.h">
      <Filter>Header Files\Base</Filter>
    </ClInclude>
    <ClInclude Include="Buff.h">
      <Filter>Header Files\Buff</Filter>
    </ClInclude>
    <ClInclude Include="TableGetter.h">
      <Filter>Header Files\Manager</Filter>
    </ClInclude>
    <ClInclude Include="Gauge.h">
      <Filter>Header Files\Stats</Filter>
    </ClInclude>
  </ItemGroup>
</Project>