
Microsoft Visual Studio Solution File, Format Version 12.00
# Visual Studio Version 16
VisualStudioVersion = 16.0.29123.88
MinimumVisualStudioVersion = 10.0.40219.1
Project("{8BC9CEB8-8B4A-11D0-8D11-00A0C91BC942}") = "190504Tree", "190504Tree.vcxproj", "{D60270DD-9E0E-498E-B152-757F3487A3E1}"
EndProject
Project("{8BC9CEB8-8B4A-11D0-8D11-00A0C91BC942}") = "DeleteNode", "..\DeleteNode\DeleteNode.vcxproj", "{CBC01EF0-3FE2-4DA2-9DCE-0A7DDA369580}"
EndProject
Global
	GlobalSection(SolutionConfigurationPlatforms) = preSolution
		Debug|x64 = Debug|x64
		Debug|x86 = Debug|x86
		Release|x64 = Release|x64
		Release|x86 = Release|x86
	EndGlobalSection
	GlobalSection(ProjectConfigurationPlatforms) = postSolution
		{D60270DD-9E0E-498E-B152-757F3487A3E1}.Debug|x64.ActiveCfg = Debug|x64
		{D60270DD-9E0E-498E-B152-757F3487A3E1}.Debug|x64.Build.0 = Debug|x64
		{D60270DD-9E0E-498E-B152-757F3487A3E1}.Debug|x86.ActiveCfg = Debug|Win32
		{D60270DD-9E0E-498E-B152-757F3487A3E1}.Debug|x86.Build.0 = Debug|Win32
		{D60270DD-9E0E-498E-B152-757F3487A3E1}.Release|x64.ActiveCfg = Release|x64
		{D60270DD-9E0E-498E-B152-757F3487A3E1}.Release|x64.Build.0 = Release|x64
		{D60270DD-9E0E-498E-B152-757F3487A3E1}.Release|x86.ActiveCfg = Release|Win32
		{D60270DD-9E0E-498E-B152-757F3487A3E1}.Release|x86.Build.0 = Release|Win32
		{CBC01EF0-3FE2-4DA2-9DCE-0A7DDA369580}.Debug|x64.ActiveCfg = Debug|x64
		{CBC01EF0-3FE2-4DA2-9DCE-0A7DDA369580}.Debug|x64.Build.0 = Debug|x64
		{CBC01EF0-3FE2-4DA2-9DCE-0A7DDA369580}.Debug|x86.ActiveCfg = Debug|Win32
		{CBC01EF0-3FE2-4DA2-9DCE-0A7DDA369580}.Debug|x86.Build.0 = Debug|Win32
		{CBC01EF0-3FE2-4DA2-9DCE-0A7DDA369580}.Release|x64.ActiveCfg = Release|x64
		{CBC01EF0-3FE2-4DA2-9DCE-0A7DDA369580}.Release|x64.Build.0 = Release|x64
		{CBC01EF0-3FE2-4DA2-9DCE-0A7DDA369580}.Release|x86.ActiveCfg = Release|Win32
		{CBC01EF0-3FE2-4DA2-9DCE-0A7DDA369580}.Release|x86.Build.0 = Release|Win32
	EndGlobalSection
	GlobalSection(SolutionProperties) = preSolution
		HideSolutionNode = FALSE
	EndGlobalSection
	GlobalSection(ExtensibilityGlobals) = postSolution
		SolutionGuid = {307B84F8-E640-4D1E-A736-035692937CE4}
	EndGlobalSection
EndGlobal
