
Microsoft Visual Studio Solution File, Format Version 12.00
# Visual Studio 15
VisualStudioVersion = 15.0.28307.645
MinimumVisualStudioVersion = 10.0.40219.1
Project("{8BC9CEB8-8B4A-11D0-8D11-00A0C91BC942}") = "Mouse", "Mouse\Mouse.vcxproj", "{A0FD6E84-5F5F-4925-B786-13F4B61EC569}"
EndProject
Project("{8BC9CEB8-8B4A-11D0-8D11-00A0C91BC942}") = "Calc", "Calc\Calc.vcxproj", "{0DC986B6-0506-4D43-AB8E-D1945C8928E2}"
EndProject
Project("{8BC9CEB8-8B4A-11D0-8D11-00A0C91BC942}") = "RunLength", "RunLength\RunLength.vcxproj", "{4029A5B3-B620-4210-A565-66614CFC354A}"
EndProject
Project("{8BC9CEB8-8B4A-11D0-8D11-00A0C91BC942}") = "AStar", "AStar\AStar.vcxproj", "{F7AE5653-16FE-4CF6-9A9F-9A5BD0D27320}"
EndProject
Global
	GlobalSection(SolutionConfigurationPlatforms) = preSolution
		Debug|x64 = Debug|x64
		Debug|x86 = Debug|x86
		Release|x64 = Release|x64
		Release|x86 = Release|x86
	EndGlobalSection
	GlobalSection(ProjectConfigurationPlatforms) = postSolution
		{A0FD6E84-5F5F-4925-B786-13F4B61EC569}.Debug|x64.ActiveCfg = Debug|x64
		{A0FD6E84-5F5F-4925-B786-13F4B61EC569}.Debug|x64.Build.0 = Debug|x64
		{A0FD6E84-5F5F-4925-B786-13F4B61EC569}.Debug|x86.ActiveCfg = Debug|Win32
		{A0FD6E84-5F5F-4925-B786-13F4B61EC569}.Debug|x86.Build.0 = Debug|Win32
		{A0FD6E84-5F5F-4925-B786-13F4B61EC569}.Release|x64.ActiveCfg = Release|x64
		{A0FD6E84-5F5F-4925-B786-13F4B61EC569}.Release|x64.Build.0 = Release|x64
		{A0FD6E84-5F5F-4925-B786-13F4B61EC569}.Release|x86.ActiveCfg = Release|Win32
		{A0FD6E84-5F5F-4925-B786-13F4B61EC569}.Release|x86.Build.0 = Release|Win32
		{0DC986B6-0506-4D43-AB8E-D1945C8928E2}.Debug|x64.ActiveCfg = Debug|x64
		{0DC986B6-0506-4D43-AB8E-D1945C8928E2}.Debug|x64.Build.0 = Debug|x64
		{0DC986B6-0506-4D43-AB8E-D1945C8928E2}.Debug|x86.ActiveCfg = Debug|Win32
		{0DC986B6-0506-4D43-AB8E-D1945C8928E2}.Debug|x86.Build.0 = Debug|Win32
		{0DC986B6-0506-4D43-AB8E-D1945C8928E2}.Release|x64.ActiveCfg = Release|x64
		{0DC986B6-0506-4D43-AB8E-D1945C8928E2}.Release|x64.Build.0 = Release|x64
		{0DC986B6-0506-4D43-AB8E-D1945C8928E2}.Release|x86.ActiveCfg = Release|Win32
		{0DC986B6-0506-4D43-AB8E-D1945C8928E2}.Release|x86.Build.0 = Release|Win32
		{4029A5B3-B620-4210-A565-66614CFC354A}.Debug|x64.ActiveCfg = Debug|x64
		{4029A5B3-B620-4210-A565-66614CFC354A}.Debug|x64.Build.0 = Debug|x64
		{4029A5B3-B620-4210-A565-66614CFC354A}.Debug|x86.ActiveCfg = Debug|Win32
		{4029A5B3-B620-4210-A565-66614CFC354A}.Debug|x86.Build.0 = Debug|Win32
		{4029A5B3-B620-4210-A565-66614CFC354A}.Release|x64.ActiveCfg = Release|x64
		{4029A5B3-B620-4210-A565-66614CFC354A}.Release|x64.Build.0 = Release|x64
		{4029A5B3-B620-4210-A565-66614CFC354A}.Release|x86.ActiveCfg = Release|Win32
		{4029A5B3-B620-4210-A565-66614CFC354A}.Release|x86.Build.0 = Release|Win32
		{F7AE5653-16FE-4CF6-9A9F-9A5BD0D27320}.Debug|x64.ActiveCfg = Debug|x64
		{F7AE5653-16FE-4CF6-9A9F-9A5BD0D27320}.Debug|x64.Build.0 = Debug|x64
		{F7AE5653-16FE-4CF6-9A9F-9A5BD0D27320}.Debug|x86.ActiveCfg = Debug|Win32
		{F7AE5653-16FE-4CF6-9A9F-9A5BD0D27320}.Debug|x86.Build.0 = Debug|Win32
		{F7AE5653-16FE-4CF6-9A9F-9A5BD0D27320}.Release|x64.ActiveCfg = Release|x64
		{F7AE5653-16FE-4CF6-9A9F-9A5BD0D27320}.Release|x64.Build.0 = Release|x64
		{F7AE5653-16FE-4CF6-9A9F-9A5BD0D27320}.Release|x86.ActiveCfg = Release|Win32
		{F7AE5653-16FE-4CF6-9A9F-9A5BD0D27320}.Release|x86.Build.0 = Release|Win32
	EndGlobalSection
	GlobalSection(SolutionProperties) = preSolution
		HideSolutionNode = FALSE
	EndGlobalSection
	GlobalSection(ExtensibilityGlobals) = postSolution
		SolutionGuid = {39CDE029-84C5-4668-8641-BDF021F2332B}
	EndGlobalSection
EndGlobal
